dependencies:
  espressif/esp32-camera:
    component_hash: c3eb05fbeeae884a23bed9b17d48d5f0da8872beadae0c0e747d2fbea6094f06
    dependencies: []
    source:
      registry_url: https://components.espressif.com/
      type: service
    version: 2.0.15
  idf:
    source:
      type: idf
    version: 5.4.1
direct_dependencies:
- espressif/esp32-camera
- idf
manifest_hash: 3cb139e654ee4b843f70298e703afad6cb405acf4682fb2f37ef92e24e565850
target: esp32
version: 2.0.0
